<?xml version="1.0" encoding="utf-8"?>
<Project ToolsVersion="4.0" xmlns="http://schemas.microsoft.com/developer/msbuild/2003">
  <ItemGroup>
    <Filter Include="Source Files">
      <UniqueIdentifier>{4FC737F1-C7A5-4376-A066-2A32D752A2FF}</UniqueIdentifier>
      <Extensions>cpp;c;cc;cxx;def;odl;idl;hpj;bat;asm;asmx</Extensions>
    </Filter>
    <Filter Include="Header Files">
      <UniqueIdentifier>{93995380-89BD-4b04-88EB-625FBE52EBFB}</UniqueIdentifier>
      <Extensions>h;hpp;hxx;hm;inl;inc;xsd</Extensions>
    </Filter>
    <Filter Include="Resource Files">
      <UniqueIdentifier>{67DA6AB6-F800-4c08-8B7A-83BB121AAD01}</UniqueIdentifier>
      <Extensions>rc;ico;cur;bmp;dlg;rc2;rct;bin;rgs;gif;jpg;jpeg;jpe;resx;tiff;tif;png;wav;mfcribbon-ms</Extensions>
    </Filter>
  </ItemGroup>
  <ItemGroup>
    <ClCompile Include="Application.cpp">
      <Filter>Source Files</Filter>
    </ClCompile>
    <ClCompile Include="Console.cpp">
      <Filter>Source Files</Filter>
    </ClCompile>
    <ClCompile Include="Exception.cpp">
      <Filter>Source Files</Filter>
    </ClCompile>
    <ClCompile Include="NotifyEvent.cpp">
      <Filter>Source Files</Filter>
    </ClCompile>
    <ClCompile Include="Object.cpp">
      <Filter>Source Files</Filter>
    </ClCompile>
    <ClCompile Include="Stream.cpp">
      <Filter>Source Files</Filter>
    </ClCompile>
    <ClCompile Include="String.cpp">
      <Filter>Source Files</Filter>
    </ClCompile>
    <ClCompile Include="Throw.cpp">
      <Filter>Source Files</Filter>
    </ClCompile>
    <ClCompile Include="ValueType.cpp">
      <Filter>Source Files</Filter>
    </ClCompile>
    <ClCompile Include="Threading\Thread.cpp">
      <Filter>Source Files</Filter>
    </ClCompile>
    <ClCompile Include="Text\Format.cpp">
      <Filter>Source Files</Filter>
    </ClCompile>
    <ClCompile Include="Text\StringList.cpp">
      <Filter>Source Files</Filter>
    </ClCompile>
    <ClCompile Include="Text\StringStream.cpp">
      <Filter>Source Files</Filter>
    </ClCompile>
    <ClCompile Include="Time\DateTime.cpp">
      <Filter>Source Files</Filter>
    </ClCompile>
    <ClCompile Include="Time\TimeSpan.cpp">
      <Filter>Source Files</Filter>
    </ClCompile>
    <ClCompile Include="Memory\Buffer.cpp">
      <Filter>Source Files</Filter>
    </ClCompile>
    <ClCompile Include="Memory\MemoryStream.cpp">
      <Filter>Source Files</Filter>
    </ClCompile>
    <ClCompile Include="Memory\MemoryTools.cpp">
      <Filter>Source Files</Filter>
    </ClCompile>
    <ClCompile Include="Math\MathTools.cpp">
      <Filter>Source Files</Filter>
    </ClCompile>
    <ClCompile Include="IO\Directory.cpp">
      <Filter>Source Files</Filter>
    </ClCompile>
    <ClCompile Include="IO\File.cpp">
      <Filter>Source Files</Filter>
    </ClCompile>
    <ClCompile Include="IO\FileFind.cpp">
      <Filter>Source Files</Filter>
    </ClCompile>
    <ClCompile Include="IO\FileStream.cpp">
      <Filter>Source Files</Filter>
    </ClCompile>
    <ClCompile Include="IO\IOExceptions.cpp">
      <Filter>Source Files</Filter>
    </ClCompile>
    <ClCompile Include="IO\Path.cpp">
      <Filter>Source Files</Filter>
    </ClCompile>
    <ClCompile Include="Interop\FileInterop.cpp">
      <Filter>Source Files</Filter>
    </ClCompile>
    <ClCompile Include="Interop\Guid.cpp">
      <Filter>Source Files</Filter>
    </ClCompile>
    <ClCompile Include="Interop\IInterface.cpp">
      <Filter>Source Files</Filter>
    </ClCompile>
    <ClCompile Include="Interop\Interface.cpp">
      <Filter>Source Files</Filter>
    </ClCompile>
    <ClCompile Include="Interop\InteropExceptions.cpp">
      <Filter>Source Files</Filter>
    </ClCompile>
    <ClCompile Include="Interop\XmlInterop.cpp">
      <Filter>Source Files</Filter>
    </ClCompile>
    <ClCompile Include="Collections\CollectionsExceptions.cpp">
      <Filter>Source Files</Filter>
    </ClCompile>
    <ClCompile Include="Collections\Dictionary.cpp">
      <Filter>Source Files</Filter>
    </ClCompile>
    <ClCompile Include="Text\Xml\Document.cpp">
      <Filter>Source Files</Filter>
    </ClCompile>
    <ClCompile Include="Text\Xml\XmlExceptions.cpp">
      <Filter>Source Files</Filter>
    </ClCompile>
  </ItemGroup>
  <ItemGroup>
    <ClInclude Include="Application.h">
      <Filter>Header Files</Filter>
    </ClInclude>
    <ClInclude Include="Array.h">
      <Filter>Header Files</Filter>
    </ClInclude>
    <ClInclude Include="Console.h">
      <Filter>Header Files</Filter>
    </ClInclude>
    <ClInclude Include="EventHandler.h">
      <Filter>Header Files</Filter>
    </ClInclude>
    <ClInclude Include="Exception.h">
      <Filter>Header Files</Filter>
    </ClInclude>
    <ClInclude Include="Flags.h">
      <Filter>Header Files</Filter>
    </ClInclude>
    <ClInclude Include="IEnumerable.h">
      <Filter>Header Files</Filter>
    </ClInclude>
    <ClInclude Include="IManagedType.h">
      <Filter>Header Files</Filter>
    </ClInclude>
    <ClInclude Include="IPersistent.h">
      <Filter>Header Files</Filter>
    </ClInclude>
    <ClInclude Include="Macros.h">
      <Filter>Header Files</Filter>
    </ClInclude>
    <ClInclude Include="NotifyEvent.h">
      <Filter>Header Files</Filter>
    </ClInclude>
    <ClInclude Include="Nullable.h">
      <Filter>Header Files</Filter>
    </ClInclude>
    <ClInclude Include="Object.h">
      <Filter>Header Files</Filter>
    </ClInclude>
    <ClInclude Include="Property.h">
      <Filter>Header Files</Filter>
    </ClInclude>
    <ClInclude Include="Ref.h">
      <Filter>Header Files</Filter>
    </ClInclude>
    <ClInclude Include="Stream.h">
      <Filter>Header Files</Filter>
    </ClInclude>
    <ClInclude Include="String.h">
      <Filter>Header Files</Filter>
    </ClInclude>
    <ClInclude Include="Throw.h">
      <Filter>Header Files</Filter>
    </ClInclude>
    <ClInclude Include="Types.h">
      <Filter>Header Files</Filter>
    </ClInclude>
    <ClInclude Include="ValueType.h">
      <Filter>Header Files</Filter>
    </ClInclude>
    <ClInclude Include="VectorEnumerator.h">
      <Filter>Header Files</Filter>
    </ClInclude>
    <ClInclude Include="Threading\Thread.h">
      <Filter>Header Files</Filter>
    </ClInclude>
    <ClInclude Include="text\format.h">
      <Filter>Header Files</Filter>
    </ClInclude>
    <ClInclude Include="Text\StringList.h">
      <Filter>Header Files</Filter>
    </ClInclude>
    <ClInclude Include="Text\StringStream.h">
      <Filter>Header Files</Filter>
    </ClInclude>
    <ClInclude Include="Time\DateTime.h">
      <Filter>Header Files</Filter>
    </ClInclude>
    <ClInclude Include="Time\TimeSpan.h">
      <Filter>Header Files</Filter>
    </ClInclude>
    <ClInclude Include="memory\buffer.h">
      <Filter>Header Files</Filter>
    </ClInclude>
    <ClInclude Include="Memory\MemoryStream.h">
      <Filter>Header Files</Filter>
    </ClInclude>
    <ClInclude Include="memory\memorytools.h">
      <Filter>Header Files</Filter>
    </ClInclude>
    <ClInclude Include="Math\MathTools.h">
      <Filter>Header Files</Filter>
    </ClInclude>
    <ClInclude Include="IO\Directory.h">
      <Filter>Header Files</Filter>
    </ClInclude>
    <ClInclude Include="IO\File.h">
      <Filter>Header Files</Filter>
    </ClInclude>
    <ClInclude Include="IO\FileFind.h">
      <Filter>Header Files</Filter>
    </ClInclude>
    <ClInclude Include="IO\FileStream.h">
      <Filter>Header Files</Filter>
    </ClInclude>
    <ClInclude Include="IO\IOExceptions.h">
      <Filter>Header Files</Filter>
    </ClInclude>
    <ClInclude Include="IO\Path.h">
      <Filter>Header Files</Filter>
    </ClInclude>
    <ClInclude Include="interop\coreinterop.h">
      <Filter>Header Files</Filter>
    </ClInclude>
    <ClInclude Include="Interop\DateInterop.h">
      <Filter>Header Files</Filter>
    </ClInclude>
    <ClInclude Include="Interop\FileInterop.h">
      <Filter>Header Files</Filter>
    </ClInclude>
    <ClInclude Include="Interop\Guid.h">
      <Filter>Header Files</Filter>
    </ClInclude>
    <ClInclude Include="Interop\IInterface.h">
      <Filter>Header Files</Filter>
    </ClInclude>
    <ClInclude Include="Interop\Interface.h">
      <Filter>Header Files</Filter>
    </ClInclude>
    <ClInclude Include="Interop\InteropExceptions.h">
      <Filter>Header Files</Filter>
    </ClInclude>
    <ClInclude Include="interop\threadinterop.h">
      <Filter>Header Files</Filter>
    </ClInclude>
    <ClInclude Include="Interop\XmlInterop.h">
      <Filter>Header Files</Filter>
    </ClInclude>
    <ClInclude Include="Collections\CollectionsExceptions.h">
      <Filter>Header Files</Filter>
    </ClInclude>
    <ClInclude Include="Collections\Dictionary.h">
      <Filter>Header Files</Filter>
    </ClInclude>
    <ClInclude Include="Collections\List.h">
      <Filter>Header Files</Filter>
    </ClInclude>
    <ClInclude Include="Collections\ObjectList.h">
      <Filter>Header Files</Filter>
    </ClInclude>
    <ClInclude Include="Text\Xml\Document.h">
      <Filter>Header Files</Filter>
    </ClInclude>
    <ClInclude Include="Text\Xml\XmlExceptions.h">
      <Filter>Header Files</Filter>
    </ClInclude>
  </ItemGroup>
  <ItemGroup>
    <None Include="README" />
  </ItemGroup>
</Project>